Microsoft Visual Studio Solution File, Format Version 12.00
# Visual Studio Version 17
VisualStudioVersion = 17.2.32516.85
MinimumVisualStudioVersion = 10.0.40219.1
Project("{9A19103F-16F7-4668-BE54-9A1E7A4F7556}") = "ArraysAndLists", "ArraysAndLists\ArraysAndLists.csproj", "{1E9B3440-7E38-4333-815C-266D8CA43F65}"
EndProject
Global
	GlobalSection(SolutionConfigurationPlatforms) = preSolution
		Debug|Any CPU = Debug|Any CPU
		Release|Any CPU = Release|Any CPU
	EndGlobalSection
	GlobalSection(ProjectConfigurationPlatforms) = postSolution
		{1E9B3440-7E38-4333-815C-266D8CA43F65}.Debug|Any CPU.ActiveCfg = Debug|Any CPU
		{1E9B3440-7E38-4333-815C-266D8CA43F65}.Debug|Any CPU.Build.0 = Debug|Any CPU
		{1E9B3440-7E38-4333-815C-266D8CA43F65}.Release|Any CPU.ActiveCfg = Release|Any CPU
		{1E9B3440-7E38-4333-815C-266D8CA43F65}.Release|Any CPU.Build.0 = Release|Any CPU
	EndGlobalSection
	GlobalSection(SolutionProperties) = preSolution
		HideSolutionNode = FALSE
	EndGlobalSection
	GlobalSection(ExtensibilityGlobals) = postSolution
		SolutionGuid = {2875817B-F8E7-49D0-9923-AA3E6B224B1D}
	EndGlobalSection
EndGlobal
